
Microsoft Visual Studio Solution File, Format Version 12.00
# Visual Studio Version 16
VisualStudioVersion = 16.0.31424.327
MinimumVisualStudioVersion = 10.0.40219.1
Project("{888888A0-9F3D-457C-B088-3A5042F75D52}") = "PyQT5 Basic Main Window Template", "PyQT5 Basic Main Window Template\PyQT5 Basic Main Window Template.pyproj", "{0273CC50-594E-4D19-86E9-23D83F255DE4}"
EndProject
Global
	GlobalSection(SolutionConfigurationPlatforms) = preSolution
		Debug|Any CPU = Debug|Any CPU
		Release|Any CPU = Release|Any CPU
	EndGlobalSection
	GlobalSection(ProjectConfigurationPlatforms) = postSolution
		{0273CC50-594E-4D19-86E9-23D83F255DE4}.Debug|Any CPU.ActiveCfg = Debug|Any CPU
		{0273CC50-594E-4D19-86E9-23D83F255DE4}.Release|Any CPU.ActiveCfg = Release|Any CPU
	EndGlobalSection
	GlobalSection(SolutionProperties) = preSolution
		HideSolutionNode = FALSE
	EndGlobalSection
	GlobalSection(ExtensibilityGlobals) = postSolution
		SolutionGuid = {6D920000-4DEE-4A42-B35D-C859365A1645}
	EndGlobalSection
EndGlobal
